// !$*UTF8*$!
{
	archiveVersion = 1;
	classes = {
	};
	objectVersion = 45;
	objects = {

/* Begin PBXFileReference section */
		A494ADFF14896FB8003A7995 /* arithmetic.c */ = {isa = PBXFileReference; fileEncoding = 4; lastKnownFileType = sourcecode.c.c; path = arithmetic.c; sourceTree = "<group>"; };
		A494AE0014896FB8003A7995 /* arithmetic.h */ = {isa = PBXFileReference; fileEncoding = 4; lastKnownFileType = sourcecode.c.h; path = arithmetic.h; sourceTree = "<group>"; };
		A494AE0114896FB8003A7995 /* auto-build.sh */ = {isa = PBXFileReference; fileEncoding = 4; lastKnownFileType = text.script.sh; path = "auto-build.sh"; sourceTree = "<group>"; };
		A494AE0214896FB8003A7995 /* byteorder.h */ = {isa = PBXFileReference; fileEncoding = 4; lastKnownFileType = sourcecode.c.h; path = byteorder.h; sourceTree = "<group>"; };
		A494AE0314896FB8003A7995 /* client.c */ = {isa = PBXFileReference; fileEncoding = 4; lastKnownFileType = sourcecode.c.c; path = client.c; sourceTree = "<group>"; };
		A494AE0414896FB8003A7995 /* client.h */ = {isa = PBXFileReference; fileEncoding = 4; lastKnownFileType = sourcecode.c.h; path = client.h; sourceTree = "<group>"; };
		A494AE0514896FB8003A7995 /* common.c */ = {isa = PBXFileReference; fileEncoding = 4; lastKnownFileType = sourcecode.c.c; path = common.c; sourceTree = "<group>"; };
		A494AE0614896FB8003A7995 /* common.h */ = {isa = PBXFileReference; fileEncoding = 4; lastKnownFileType = sourcecode.c.h; path = common.h; sourceTree = "<group>"; };
		A494AE0714896FB8003A7995 /* configure.ac */ = {isa = PBXFileReference; fileEncoding = 4; lastKnownFileType = text; path = configure.ac; sourceTree = "<group>"; };
		A494AE0914896FB8003A7995 /* readme.txt */ = {isa = PBXFileReference; fileEncoding = 4; lastKnownFileType = text; path = readme.txt; sourceTree = "<group>"; };
		A494AE0A14896FB8003A7995 /* rrd.min.cmds */ = {isa = PBXFileReference; fileEncoding = 4; lastKnownFileType = text; path = rrd.min.cmds; sourceTree = "<group>"; };
		A494AE0B14896FB8003A7995 /* rrd.tmpl */ = {isa = PBXFileReference; fileEncoding = 4; lastKnownFileType = text; path = rrd.tmpl; sourceTree = "<group>"; };
		A494AE0C14896FB8003A7995 /* vupdate.sh */ = {isa = PBXFileReference; fileEncoding = 4; lastKnownFileType = text.script.sh; path = vupdate.sh; sourceTree = "<group>"; };
		A494AE0D14896FB8003A7995 /* io.c */ = {isa = PBXFileReference; fileEncoding = 4; lastKnownFileType = sourcecode.c.c; path = io.c; sourceTree = "<group>"; };
		A494AE0E14896FB8003A7995 /* io.h */ = {isa = PBXFileReference; fileEncoding = 4; lastKnownFileType = sourcecode.c.h; path = io.h; sourceTree = "<group>"; };
		A494AE0F14896FB8003A7995 /* license.txt */ = {isa = PBXFileReference; fileEncoding = 4; lastKnownFileType = text; path = license.txt; sourceTree = "<group>"; };
		A494AE1014896FB8003A7995 /* Makefile */ = {isa = PBXFileReference; fileEncoding = 4; lastKnownFileType = sourcecode.make; path = Makefile; sourceTree = "<group>"; };
		A494AE1114896FB8003A7995 /* Makefile.am */ = {isa = PBXFileReference; fileEncoding = 4; lastKnownFileType = text; path = Makefile.am; sourceTree = "<group>"; };
		A494AE1214896FB8003A7995 /* Makefile.arm */ = {isa = PBXFileReference; fileEncoding = 4; lastKnownFileType = text; path = Makefile.arm; sourceTree = "<group>"; };
		A494AE1314896FB8003A7995 /* Makefile.cygwin */ = {isa = PBXFileReference; fileEncoding = 4; lastKnownFileType = text; path = Makefile.cygwin; sourceTree = "<group>"; };
		A494AE1414896FB8003A7995 /* Makefile.mips */ = {isa = PBXFileReference; fileEncoding = 4; lastKnownFileType = text; path = Makefile.mips; sourceTree = "<group>"; };
		A494AE1614896FB8003A7995 /* rc.vcontrol */ = {isa = PBXFileReference; fileEncoding = 4; lastKnownFileType = text.script.sh; path = rc.vcontrol; sourceTree = "<group>"; };
		A494AE1714896FB8003A7995 /* vcontrol.mk */ = {isa = PBXFileReference; fileEncoding = 4; lastKnownFileType = text; path = vcontrol.mk; sourceTree = "<group>"; };
		A494AE1814896FB8003A7995 /* parser.c */ = {isa = PBXFileReference; fileEncoding = 4; lastKnownFileType = sourcecode.c.c; path = parser.c; sourceTree = "<group>"; };
		A494AE1914896FB8003A7995 /* parser.h */ = {isa = PBXFileReference; fileEncoding = 4; lastKnownFileType = sourcecode.c.h; path = parser.h; sourceTree = "<group>"; };
		A494AE1A14896FB8003A7995 /* prompt.h */ = {isa = PBXFileReference; fileEncoding = 4; lastKnownFileType = sourcecode.c.h; path = prompt.h; sourceTree = "<group>"; };
		A494AE1B14896FB8003A7995 /* readme.txt */ = {isa = PBXFileReference; fileEncoding = 4; lastKnownFileType = text; path = readme.txt; sourceTree = "<group>"; };
		A494AE1D14896FB8003A7995 /* createRRDB.sh */ = {isa = PBXFileReference; fileEncoding = 4; lastKnownFileType = text.script.sh; path = createRRDB.sh; sourceTree = "<group>"; };
		A494AE1E14896FB8003A7995 /* graph.sh */ = {isa = PBXFileReference; fileEncoding = 4; lastKnownFileType = text.script.sh; path = graph.sh; sourceTree = "<group>"; };
		A494AE1F14896FB8003A7995 /* rrdb-update.sh */ = {isa = PBXFileReference; fileEncoding = 4; lastKnownFileType = text.script.sh; path = "rrdb-update.sh"; sourceTree = "<group>"; };
		A494AE2014896FB8003A7995 /* rrdb-update.tmpl */ = {isa = PBXFileReference; fileEncoding = 4; lastKnownFileType = text; path = "rrdb-update.tmpl"; sourceTree = "<group>"; };
		A494AE2114896FB8003A7995 /* vc-aufruf.txt */ = {isa = PBXFileReference; fileEncoding = 4; lastKnownFileType = text; path = "vc-aufruf.txt"; sourceTree = "<group>"; };
		A494AE2214896FB8003A7995 /* vc-commands.txt */ = {isa = PBXFileReference; fileEncoding = 4; lastKnownFileType = text; path = "vc-commands.txt"; sourceTree = "<group>"; };
		A494AE2314896FB8003A7995 /* semaphore.c */ = {isa = PBXFileReference; fileEncoding = 4; lastKnownFileType = sourcecode.c.c; path = semaphore.c; sourceTree = "<group>"; };
		A494AE2414896FB8003A7995 /* semaphore.h */ = {isa = PBXFileReference; fileEncoding = 4; lastKnownFileType = sourcecode.c.h; path = semaphore.h; sourceTree = "<group>"; };
		A494AE2514896FB8003A7995 /* socket.c */ = {isa = PBXFileReference; fileEncoding = 4; lastKnownFileType = sourcecode.c.c; path = socket.c; sourceTree = "<group>"; };
		A494AE2614896FB8003A7995 /* socket.h */ = {isa = PBXFileReference; fileEncoding = 4; lastKnownFileType = sourcecode.c.h; path = socket.h; sourceTree = "<group>"; };
		A494AE2714896FB8003A7995 /* sql.tmpl */ = {isa = PBXFileReference; fileEncoding = 4; lastKnownFileType = text; path = sql.tmpl; sourceTree = "<group>"; };
		A494AE2814896FB8003A7995 /* unit.c */ = {isa = PBXFileReference; fileEncoding = 4; lastKnownFileType = sourcecode.c.c; path = unit.c; sourceTree = "<group>"; };
		A494AE2914896FB8003A7995 /* unit.h */ = {isa = PBXFileReference; fileEncoding = 4; lastKnownFileType = sourcecode.c.h; path = unit.h; sourceTree = "<group>"; };
		A494AE2A14896FB8003A7995 /* vclient.c */ = {isa = PBXFileReference; fileEncoding = 4; lastKnownFileType = sourcecode.c.c; path = vclient.c; sourceTree = "<group>"; };
		A494AE2B14896FB8003A7995 /* vcontrold.c */ = {isa = PBXFileReference; fileEncoding = 4; lastKnownFileType = sourcecode.c.c; path = vcontrold.c; sourceTree = "<group>"; };
		A494AE2C14896FB8003A7995 /* vcontrold.xml */ = {isa = PBXFileReference; fileEncoding = 4; lastKnownFileType = text.xml; path = vcontrold.xml; sourceTree = "<group>"; };
		A494AE2D14896FB8003A7995 /* xmlconfig.c */ = {isa = PBXFileReference; fileEncoding = 4; lastKnownFileType = sourcecode.c.c; path = xmlconfig.c; sourceTree = "<group>"; };
		A494AE2E14896FB8003A7995 /* xmlconfig.h */ = {isa = PBXFileReference; fileEncoding = 4; lastKnownFileType = sourcecode.c.h; path = xmlconfig.h; sourceTree = "<group>"; };
/* End PBXFileReference section */

/* Begin PBXGroup section */
		08FB7794FE84155DC02AAC07 /* vcontrol_svn */ = {
			isa = PBXGroup;
			children = (
				A494ADFF14896FB8003A7995 /* arithmetic.c */,
				A494AE0014896FB8003A7995 /* arithmetic.h */,
				A494AE0114896FB8003A7995 /* auto-build.sh */,
				A494AE0214896FB8003A7995 /* byteorder.h */,
				A494AE0314896FB8003A7995 /* client.c */,
				A494AE0414896FB8003A7995 /* client.h */,
				A494AE0514896FB8003A7995 /* common.c */,
				A494AE0614896FB8003A7995 /* common.h */,
				A494AE0714896FB8003A7995 /* configure.ac */,
				A494AE0814896FB8003A7995 /* examples */,
				A494AE0D14896FB8003A7995 /* io.c */,
				A494AE0E14896FB8003A7995 /* io.h */,
				A494AE0F14896FB8003A7995 /* license.txt */,
				A494AE1014896FB8003A7995 /* Makefile */,
				A494AE1114896FB8003A7995 /* Makefile.am */,
				A494AE1214896FB8003A7995 /* Makefile.arm */,
				A494AE1314896FB8003A7995 /* Makefile.cygwin */,
				A494AE1414896FB8003A7995 /* Makefile.mips */,
				A494AE1514896FB8003A7995 /* nslu2 */,
				A494AE1814896FB8003A7995 /* parser.c */,
				A494AE1914896FB8003A7995 /* parser.h */,
				A494AE1A14896FB8003A7995 /* prompt.h */,
				A494AE1B14896FB8003A7995 /* readme.txt */,
				A494AE1C14896FB8003A7995 /* rrdb */,
				A494AE2314896FB8003A7995 /* semaphore.c */,
				A494AE2414896FB8003A7995 /* semaphore.h */,
				A494AE2514896FB8003A7995 /* socket.c */,
				A494AE2614896FB8003A7995 /* socket.h */,
				A494AE2714896FB8003A7995 /* sql.tmpl */,
				A494AE2814896FB8003A7995 /* unit.c */,
				A494AE2914896FB8003A7995 /* unit.h */,
				A494AE2A14896FB8003A7995 /* vclient.c */,
				A494AE2B14896FB8003A7995 /* vcontrold.c */,
				A494AE2C14896FB8003A7995 /* vcontrold.xml */,
				A494AE2D14896FB8003A7995 /* xmlconfig.c */,
				A494AE2E14896FB8003A7995 /* xmlconfig.h */,
			);
			name = vcontrol_svn;
			sourceTree = "<group>";
		};
		A494AE0814896FB8003A7995 /* examples */ = {
			isa = PBXGroup;
			children = (
				A494AE0914896FB8003A7995 /* readme.txt */,
				A494AE0A14896FB8003A7995 /* rrd.min.cmds */,
				A494AE0B14896FB8003A7995 /* rrd.tmpl */,
				A494AE0C14896FB8003A7995 /* vupdate.sh */,
			);
			path = examples;
			sourceTree = "<group>";
		};
		A494AE1514896FB8003A7995 /* nslu2 */ = {
			isa = PBXGroup;
			children = (
				A494AE1614896FB8003A7995 /* rc.vcontrol */,
				A494AE1714896FB8003A7995 /* vcontrol.mk */,
			);
			path = nslu2;
			sourceTree = "<group>";
		};
		A494AE1C14896FB8003A7995 /* rrdb */ = {
			isa = PBXGroup;
			children = (
				A494AE1D14896FB8003A7995 /* createRRDB.sh */,
				A494AE1E14896FB8003A7995 /* graph.sh */,
				A494AE1F14896FB8003A7995 /* rrdb-update.sh */,
				A494AE2014896FB8003A7995 /* rrdb-update.tmpl */,
				A494AE2114896FB8003A7995 /* vc-aufruf.txt */,
				A494AE2214896FB8003A7995 /* vc-commands.txt */,
			);
			path = rrdb;
			sourceTree = "<group>";
		};
/* End PBXGroup section */

/* Begin PBXLegacyTarget section */
		A494AE60148A31B6003A7995 /* vcontrold */ = {
			isa = PBXLegacyTarget;
			buildArgumentsString = "$(ACTION)";
			buildConfigurationList = A494AE63148A31D4003A7995 /* Build configuration list for PBXLegacyTarget "vcontrold" */;
			buildPhases = (
			);
			buildToolPath = /usr/bin/make;
			buildWorkingDirectory = /Users/fn/Src/vcontrol_svn;
			dependencies = (
			);
			name = vcontrold;
			passBuildSettingsInEnvironment = 1;
			productName = vcontrold;
		};
/* End PBXLegacyTarget section */

/* Begin PBXProject section */
		08FB7793FE84155DC02AAC07 /* Project object */ = {
			isa = PBXProject;
			buildConfigurationList = 1DEB919308733D9F0010E9CD /* Build configuration list for PBXProject "vcontrol_svn" */;
			compatibilityVersion = "Xcode 3.1";
			hasScannedForEncodings = 1;
			mainGroup = 08FB7794FE84155DC02AAC07 /* vcontrol_svn */;
			projectDirPath = "";
			projectRoot = "";
			targets = (
				A494AE60148A31B6003A7995 /* vcontrold */,
			);
		};
/* End PBXProject section */

/* Begin XCBuildConfiguration section */
		1DEB919408733D9F0010E9CD /* Debug */ = {
			isa = XCBuildConfiguration;
			buildSettings = {
				ARCHS = "$(ARCHS_STANDARD_32_BIT)";
				GCC_WARN_ABOUT_RETURN_TYPE = YES;
				GCC_WARN_UNUSED_VARIABLE = YES;
				ONLY_ACTIVE_ARCH = YES;
				PREBINDING = NO;
				SDKROOT = macosx10.6;
			};
			name = Debug;
		};
		1DEB919508733D9F0010E9CD /* Release */ = {
			isa = XCBuildConfiguration;
			buildSettings = {
				ARCHS = "$(ARCHS_STANDARD_32_BIT)";
				GCC_WARN_ABOUT_RETURN_TYPE = YES;
				GCC_WARN_UNUSED_VARIABLE = YES;
				PREBINDING = NO;
				SDKROOT = macosx10.6;
			};
			name = Release;
		};
		A494AE61148A31B6003A7995 /* Debug */ = {
			isa = XCBuildConfiguration;
			buildSettings = {
				COPY_PHASE_STRIP = NO;
				GCC_DYNAMIC_NO_PIC = NO;
				GCC_OPTIMIZATION_LEVEL = 0;
				PRODUCT_NAME = vcontrold;
			};
			name = Debug;
		};
		A494AE62148A31B6003A7995 /* Release */ = {
			isa = XCBuildConfiguration;
			buildSettings = {
				COPY_PHASE_STRIP = YES;
				DEBUG_INFORMATION_FORMAT = "dwarf-with-dsym";
				GCC_ENABLE_FIX_AND_CONTINUE = NO;
				PRODUCT_NAME = vcontrold;
				ZERO_LINK = NO;
			};
			name = Release;
		};
/* End XCBuildConfiguration section */

/* Begin XCConfigurationList section */
		1DEB919308733D9F0010E9CD /* Build configuration list for PBXProject "vcontrol_svn" */ = {
			isa = XCConfigurationList;
			buildConfigurations = (
				1DEB919408733D9F0010E9CD /* Debug */,
				1DEB919508733D9F0010E9CD /* Release */,
			);
			defaultConfigurationIsVisible = 0;
			defaultConfigurationName = Release;
		};
		A494AE63148A31D4003A7995 /* Build configuration list for PBXLegacyTarget "vcontrold" */ = {
			isa = XCConfigurationList;
			buildConfigurations = (
				A494AE61148A31B6003A7995 /* Debug */,
				A494AE62148A31B6003A7995 /* Release */,
			);
			defaultConfigurationIsVisible = 0;
			defaultConfigurationName = Release;
		};
/* End XCConfigurationList section */
	};
	rootObject = 08FB7793FE84155DC02AAC07 /* Project object */;
}
